// !$*UTF8*$!
{
	archiveVersion = 1;
	classes = {
	};
	objectVersion = 46;
	objects = {

/* Begin PBXBuildFile section */
		AEB6CA4B1E554D6600491CBD /* AppDelegate.swift in Sources */ = {isa = PBXBuildFile; fileRef = AEB6CA4A1E554D6600491CBD /* AppDelegate.swift */; };
		AEB6CA4D1E554D6600491CBD /* ViewController.swift in Sources */ = {isa = PBXBuildFile; fileRef = AEB6CA4C1E554D6600491CBD /* ViewController.swift */; };
		AEB6CA501E554D6600491CBD /* Main.storyboard in Resources */ = {isa = PBXBuildFile; fileRef = AEB6CA4E1E554D6600491CBD /* Main.storyboard */; };
		AEB6CA521E554D6600491CBD /* Assets.xcassets in Resources */ = {isa = PBXBuildFile; fileRef = AEB6CA511E554D6600491CBD /* Assets.xcassets */; };
		AEB6CA551E554D6600491CBD /* LaunchScreen.storyboard in Resources */ = {isa = PBXBuildFile; fileRef = AEB6CA531E554D6600491CBD /* LaunchScreen.storyboard */; };
/* End PBXBuildFile section */

/* Begin PBXFileReference section */
		AEB6CA471E554D6600491CBD /* TT.app */ = {isa = PBXFileReference; explicitFileType = wrapper.application; includeInIndex = 0; path = TT.app; sourceTree = BUILT_PRODUCTS_DIR; };
		AEB6CA4A1E554D6600491CBD /* AppDelegate.swift */ = {isa = PBXFileReference; lastKnownFileType = sourcecode.swift; path = AppDelegate.swift; sourceTree = "<group>"; };
		AEB6CA4C1E554D6600491CBD /* ViewController.swift */ = {isa = PBXFileReference; lastKnownFileType = sourcecode.swift; path = ViewController.swift; sourceTree = "<group>"; };
		AEB6CA4F1E554D6600491CBD /* Base */ = {isa = PBXFileReference; lastKnownFileType = file.storyboard; name = Base; path = Base.lproj/Main.storyboard; sourceTree = "<group>"; };
		AEB6CA511E554D6600491CBD /* Assets.xcassets */ = {isa = PBXFileReference; lastKnownFileType = folder.assetcatalog; path = Assets.xcassets; sourceTree = "<group>"; };
		AEB6CA541E554D6600491CBD /* Base */ = {isa = PBXFileReference; lastKnownFileType = file.storyboard; name = Base; path = Base.lproj/LaunchScreen.storyboard; sourceTree = "<group>"; };
		AEB6CA561E554D6600491CBD /* Info.plist */ = {isa = PBXFileReference; lastKnownFileType = text.plist.xml; path = Info.plist; sourceTree = "<group>"; };
		AEB6CA5E1E56D83C00491CBD /* zh-Hans */ = {isa = PBXFileReference; lastKnownFileType = text.plist.strings; name = "zh-Hans"; path = "zh-Hans.lproj/Main.strings"; sourceTree = "<group>"; };
		AEB6CA5F1E56D83C00491CBD /* zh-Hans */ = {isa = PBXFileReference; lastKnownFileType = text.plist.strings; name = "zh-Hans"; path = "zh-Hans.lproj/LaunchScreen.strings"; sourceTree = "<group>"; };
/* End PBXFileReference section */

/* Begin PBXFrameworksBuildPhase section */
		AEB6CA441E554D6600491CBD /* Frameworks */ = {
			isa = PBXFrameworksBuildPhase;
			buildActionMask = 2147483647;
			files = (
			);
			runOnlyForDeploymentPostprocessing = 0;
		};
/* End PBXFrameworksBuildPhase section */

/* Begin PBXGroup section */
		AEB6CA3E1E554D6600491CBD = {
			isa = PBXGroup;
			children = (
				AEB6CA491E554D6600491CBD /* TT */,
				AEB6CA481E554D6600491CBD /* Products */,
			);
			sourceTree = "<group>";
		};
		AEB6CA481E554D6600491CBD /* Products */ = {
			isa = PBXGroup;
			children = (
				AEB6CA471E554D6600491CBD /* TT.app */,
			);
			name = Products;
			sourceTree = "<group>";
		};
		AEB6CA491E554D6600491CBD /* TT */ = {
			isa = PBXGroup;
			children = (
				AEB6CA4A1E554D6600491CBD /* AppDelegate.swift */,
				AEB6CA4C1E554D6600491CBD /* ViewController.swift */,
				AEB6CA4E1E554D6600491CBD /* Main.storyboard */,
				AEB6CA511E554D6600491CBD /* Assets.xcassets */,
				AEB6CA531E554D6600491CBD /* LaunchScreen.storyboard */,
				AEB6CA561E554D6600491CBD /* Info.plist */,
			);
			path = TT;
			sourceTree = "<group>";
		};
/* End PBXGroup section */

/* Begin PBXNativeTarget section */
		AEB6CA461E554D6600491CBD /* TT */ = {
			isa = PBXNativeTarget;
			buildConfigurationList = AEB6CA591E554D6600491CBD /* Build configuration list for PBXNativeTarget "TT" */;
			buildPhases = (
				AEB6CA431E554D6600491CBD /* Sources */,
				AEB6CA441E554D6600491CBD /* Frameworks */,
				AEB6CA451E554D6600491CBD /* Resources */,
			);
			buildRules = (
			);
			dependencies = (
			);
			name = TT;
			productName = TT;
			productReference = AEB6CA471E554D6600491CBD /* TT.app */;
			productType = "com.apple.product-type.application";
		};
/* End PBXNativeTarget section */

/* Begin PBXProject section */
		AEB6CA3F1E554D6600491CBD /* Project object */ = {
			isa = PBXProject;
			attributes = {
				LastSwiftUpdateCheck = 0820;
				LastUpgradeCheck = 0820;
				ORGANIZATIONNAME = WillowRivers;
				TargetAttributes = {
					AEB6CA461E554D6600491CBD = {
						CreatedOnToolsVersion = 8.2;
						DevelopmentTeam = N3HC7SAE25;
						ProvisioningStyle = Automatic;
					};
				};
			};
			buildConfigurationList = AEB6CA421E554D6600491CBD /* Build configuration list for PBXProject "TT" */;
			compatibilityVersion = "Xcode 3.2";
			developmentRegion = English;
			hasScannedForEncodings = 0;
			knownRegions = (
				en,
				Base,
			);
			mainGroup = AEB6CA3E1E554D6600491CBD;
			productRefGroup = AEB6CA481E554D6600491CBD /* Products */;
			projectDirPath = "";
			projectRoot = "";
			targets = (
				AEB6CA461E554D6600491CBD /* TT */,
			);
		};
/* End PBXProject section */

/* Begin PBXResourcesBuildPhase section */
		AEB6CA451E554D6600491CBD /* Resources */ = {
			isa = PBXResourcesBuildPhase;
			buildActionMask = 2147483647;
			files = (
				AEB6CA551E554D6600491CBD /* LaunchScreen.storyboard in Resources */,
				AEB6CA521E554D6600491CBD /* Assets.xcassets in Resources */,
				AEB6CA501E554D6600491CBD /* Main.storyboard in Resources */,
			);
			runOnlyForDeploymentPostprocessing = 0;
		};
/* End PBXResourcesBuildPhase section */

/* Begin PBXSourcesBuildPhase section */
		AEB6CA431E554D6600491CBD /* Sources */ = {
			isa = PBXSourcesBuildPhase;
			buildActionMask = 2147483647;
			files = (
				AEB6CA4D1E554D6600491CBD /* ViewController.swift in Sources */,
				AEB6CA4B1E554D6600491CBD /* AppDelegate.swift in Sources */,
			);
			runOnlyForDeploymentPostprocessing = 0;
		};
/* End PBXSourcesBuildPhase section */

/* Begin PBXVariantGroup section */
		AEB6CA4E1E554D6600491CBD /* Main.storyboard */ = {
			isa = PBXVariantGroup;
			children = (
				AEB6CA4F1E554D6600491CBD /* Base */,
				AEB6CA5E1E56D83C00491CBD /* zh-Hans */,
			);
			name = Main.storyboard;
			sourceTree = "<group>";
		};
		AEB6CA531E554D6600491CBD /* LaunchScreen.storyboard */ = {
			isa = PBXVariantGroup;
			children = (
				AEB6CA541E554D6600491CBD /* Base */,
				AEB6CA5F1E56D83C00491CBD /* zh-Hans */,
			);
			name = LaunchScreen.storyboard;
			sourceTree = "<group>";
		};
/* End PBXVariantGroup section */

/* Begin XCBuildConfiguration section */
		AEB6CA571E554D6600491CBD /* Debug */ = {
			isa = XCBuildConfiguration;
			buildSettings = {
				ALWAYS_SEARCH_USER_PATHS = NO;
				CLANG_ANALYZER_LOCALIZABILITY_NONLOCALIZED = YES;
				CLANG_ANALYZER_NONNULL = YES;
				CLANG_CXX_LANGUAGE_STANDARD = "gnu++0x";
				CLANG_CXX_LIBRARY = "libc++";
				CLANG_ENABLE_MODULES = YES;
				CLANG_ENABLE_OBJC_ARC = YES;
				CLANG_WARN_BOOL_CONVERSION = YES;
				CLANG_WARN_CONSTANT_CONVERSION = YES;
				CLANG_WARN_DIRECT_OBJC_ISA_USAGE = YES_ERROR;
				CLANG_WARN_DOCUMENTATION_COMMENTS = YES;
				CLANG_WARN_EMPTY_BODY = YES;
				CLANG_WARN_ENUM_CONVERSION = YES;
				CLANG_WARN_INFINITE_RECURSION = YES;
				CLANG_WARN_INT_CONVERSION = YES;
				CLANG_WARN_OBJC_ROOT_CLASS = YES_ERROR;
				CLANG_WARN_SUSPICIOUS_MOVE = YES;
				CLANG_WARN_UNREACHABLE_CODE = YES;
				CLANG_WARN__DUPLICATE_METHOD_MATCH = YES;
				"CODE_SIGN_IDENTITY[sdk=iphoneos*]" = "iPhone Developer";
				COPY_PHASE_STRIP = NO;
				DEBUG_INFORMATION_FORMAT = dwarf;
				ENABLE_STRICT_OBJC_MSGSEND = YES;
				ENABLE_TESTABILITY = YES;
				GCC_C_LANGUAGE_STANDARD = gnu99;
				GCC_DYNAMIC_NO_PIC = NO;
				GCC_NO_COMMON_BLOCKS = YES;
				GCC_OPTIMIZATION_LEVEL = 0;
				GCC_PREPROCESSOR_DEFINITIONS = (
					"DEBUG=1",
					"$(inherited)",
				);
				GCC_WARN_64_TO_32_BIT_CONVERSION = YES;
				GCC_WARN_ABOUT_RETURN_TYPE = YES_ERROR;
				GCC_WARN_UNDECLARED_SELECTOR = YES;
				GCC_WARN_UNINITIALIZED_AUTOS = YES_AGGRESSIVE;
				GCC_WARN_UNUSED_FUNCTION = YES;
				GCC_WARN_UNUSED_VARIABLE = YES;
				IPHONEOS_DEPLOYMENT_TARGET = 10.2;
				MTL_ENABLE_DEBUG_INFO = YES;
				ONLY_ACTIVE_ARCH = YES;
				SDKROOT = iphoneos;
				SWIFT_ACTIVE_COMPILATION_CONDITIONS = DEBUG;
				SWIFT_OPTIMIZATION_LEVEL = "-Onone";
			};
			name = Debug;
		};
		AEB6CA581E554D6600491CBD /* Release */ = {
			isa = XCBuildConfiguration;
			buildSettings = {
				ALWAYS_SEARCH_USER_PATHS = NO;
				CLANG_ANALYZER_LOCALIZABILITY_NONLOCALIZED = YES;
				CLANG_ANALYZER_NONNULL = YES;
				CLANG_CXX_LANGUAGE_STANDARD = "gnu++0x";
				CLANG_CXX_LIBRARY = "libc++";
				CLANG_ENABLE_MODULES = YES;
				CLANG_ENABLE_OBJC_ARC = YES;
				CLANG_WARN_BOOL_CONVERSION = YES;
				CLANG_WARN_CONSTANT_CONVERSION = YES;
				CLANG_WARN_DIRECT_OBJC_ISA_USAGE = YES_ERROR;
				CLANG_WARN_DOCUMENTATION_COMMENTS = YES;
				CLANG_WARN_EMPTY_BODY = YES;
				CLANG_WARN_ENUM_CONVERSION = YES;
				CLANG_WARN_INFINITE_RECURSION = YES;
				CLANG_WARN_INT_CONVERSION = YES;
				CLANG_WARN_OBJC_ROOT_CLASS = YES_ERROR;
				CLANG_WARN_SUSPICIOUS_MOVE = YES;
				CLANG_WARN_UNREACHABLE_CODE = YES;
				CLANG_WARN__DUPLICATE_METHOD_MATCH = YES;
				"CODE_SIGN_IDENTITY[sdk=iphoneos*]" = "iPhone Developer";
				COPY_PHASE_STRIP = NO;
				DEBUG_INFORMATION_FORMAT = "dwarf-with-dsym";
				ENABLE_NS_ASSERTIONS = NO;
				ENABLE_STRICT_OBJC_MSGSEND = YES;
				GCC_C_LANGUAGE_STANDARD = gnu99;
				GCC_NO_COMMON_BLOCKS = YES;
				GCC_WARN_64_TO_32_BIT_CONVERSION = YES;
				GCC_WARN_ABOUT_RETURN_TYPE = YES_ERROR;
				GCC_WARN_UNDECLARED_SELECTOR = YES;
				GCC_WARN_UNINITIALIZED_AUTOS = YES_AGGRESSIVE;
				GCC_WARN_UNUSED_FUNCTION = YES;
				GCC_WARN_UNUSED_VARIABLE = YES;
				IPHONEOS_DEPLOYMENT_TARGET = 10.2;
				MTL_ENABLE_DEBUG_INFO = NO;
				SDKROOT = iphoneos;
				SWIFT_OPTIMIZATION_LEVEL = "-Owholemodule";
				VALIDATE_PRODUCT = YES;
			};
			name = Release;
		};
		AEB6CA5A1E554D6600491CBD /* Debug */ = {
			isa = XCBuildConfiguration;
			buildSettings = {
				ASSETCATALOG_COMPILER_APPICON_NAME = AppIcon;
				DEVELOPMENT_TEAM = N3HC7SAE25;
				INFOPLIST_FILE = TT/Info.plist;
				LD_RUNPATH_SEARCH_PATHS = "$(inherited) @executable_path/Frameworks";
				PRODUCT_BUNDLE_IDENTIFIER = gree.TT;
				PRODUCT_NAME = "$(TARGET_NAME)";
				SWIFT_VERSION = 3.0;
			};
			name = Debug;
		};
		AEB6CA5B1E554D6600491CBD /* Release */ = {
			isa = XCBuildConfiguration;
			buildSettings = {
				ASSETCATALOG_COMPILER_APPICON_NAME = AppIcon;
				DEVELOPMENT_TEAM = N3HC7SAE25;
				INFOPLIST_FILE = TT/Info.plist;
				LD_RUNPATH_SEARCH_PATHS = "$(inherited) @executable_path/Frameworks";
				PRODUCT_BUNDLE_IDENTIFIER = gree.TT;
				PRODUCT_NAME = "$(TARGET_NAME)";
				SWIFT_VERSION = 3.0;
			};
			name = Release;
		};
/* End XCBuildConfiguration section */

/* Begin XCConfigurationList section */
		AEB6CA421E554D6600491CBD /* Build configuration list for PBXProject "TT" */ = {
			isa = XCConfigurationList;
			buildConfigurations = (
				AEB6CA571E554D6600491CBD /* Debug */,
				AEB6CA581E554D6600491CBD /* Release */,
			);
			defaultConfigurationIsVisible = 0;
			defaultConfigurationName = Release;
		};
		AEB6CA591E554D6600491CBD /* Build configuration list for PBXNativeTarget "TT" */ = {
			isa = XCConfigurationList;
			buildConfigurations = (
				AEB6CA5A1E554D6600491CBD /* Debug */,
				AEB6CA5B1E554D6600491CBD /* Release */,
			);
			defaultConfigurationIsVisible = 0;
			defaultConfigurationName = Release;
		};
/* End XCConfigurationList section */
	};
	rootObject = AEB6CA3F1E554D6600491CBD /* Project object */;
}
